
Microsoft Visual Studio Solution File, Format Version 12.00
# Visual Studio Version 17
VisualStudioVersion = 17.9.34607.119
MinimumVisualStudioVersion = 10.0.40219.1
Project("{9A19103F-16F7-4668-BE54-9A1E7A4F7556}") = "BlazorSQLExample", "BlazorSQLExample\BlazorSQLExample.csproj", "{927AC2CD-D937-407D-8A40-21E972A4E17A}"
EndProject
Global
	GlobalSection(SolutionConfigurationPlatforms) = preSolution
		Debug|Any CPU = Debug|Any CPU
		Release|Any CPU = Release|Any CPU
	EndGlobalSection
	GlobalSection(ProjectConfigurationPlatforms) = postSolution
		{927AC2CD-D937-407D-8A40-21E972A4E17A}.Debug|Any CPU.ActiveCfg = Debug|Any CPU
		{927AC2CD-D937-407D-8A40-21E972A4E17A}.Debug|Any CPU.Build.0 = Debug|Any CPU
		{927AC2CD-D937-407D-8A40-21E972A4E17A}.Release|Any CPU.ActiveCfg = Release|Any CPU
		{927AC2CD-D937-407D-8A40-21E972A4E17A}.Release|Any CPU.Build.0 = Release|Any CPU
	EndGlobalSection
	GlobalSection(SolutionProperties) = preSolution
		HideSolutionNode = FALSE
	EndGlobalSection
	GlobalSection(ExtensibilityGlobals) = postSolution
		SolutionGuid = {E3400CA6-FED8-4BFA-BAAF-8A3515A41958}
	EndGlobalSection
EndGlobal
